// !$*UTF8*$!
{
	archiveVersion = 1;
	classes = {
	};
	objectVersion = 48;
	objects = {

/* Begin PBXBuildFile section */
		47CC5ED1F91D844E4F7F4A90 /* Pods_pixel_cityTests.framework in Frameworks */ = {isa = PBXBuildFile; fileRef = DB411448BEC626B99BBED5E4 /* Pods_pixel_cityTests.framework */; };
		5B2F71D833B2769D79C0360A /* Pods_pixel_cityUITests.framework in Frameworks */ = {isa = PBXBuildFile; fileRef = 3BB5CCA1C57E6241F549EF39 /* Pods_pixel_cityUITests.framework */; };
		708BA78F1FAF9705007AB0EB /* AppDelegate.swift in Sources */ = {isa = PBXBuildFile; fileRef = 708BA78E1FAF9705007AB0EB /* AppDelegate.swift */; };
		708BA7911FAF9705007AB0EB /* MapVC.swift in Sources */ = {isa = PBXBuildFile; fileRef = 708BA7901FAF9705007AB0EB /* MapVC.swift */; };
		708BA7941FAF9705007AB0EB /* Main.storyboard in Resources */ = {isa = PBXBuildFile; fileRef = 708BA7921FAF9705007AB0EB /* Main.storyboard */; };
		708BA7961FAF9705007AB0EB /* Assets.xcassets in Resources */ = {isa = PBXBuildFile; fileRef = 708BA7951FAF9705007AB0EB /* Assets.xcassets */; };
		708BA7991FAF9705007AB0EB /* LaunchScreen.storyboard in Resources */ = {isa = PBXBuildFile; fileRef = 708BA7971FAF9705007AB0EB /* LaunchScreen.storyboard */; };
		708BA7A41FAF9705007AB0EB /* pixel_cityTests.swift in Sources */ = {isa = PBXBuildFile; fileRef = 708BA7A31FAF9705007AB0EB /* pixel_cityTests.swift */; };
		708BA7AF1FAF9705007AB0EB /* pixel_cityUITests.swift in Sources */ = {isa = PBXBuildFile; fileRef = 708BA7AE1FAF9705007AB0EB /* pixel_cityUITests.swift */; };
		B9BC7DD0C9FA7BCABABB4F60 /* Pods_pixel_city.framework in Frameworks */ = {isa = PBXBuildFile; fileRef = 06ACDA61232AD4622BAFF8F4 /* Pods_pixel_city.framework */; };
/* End PBXBuildFile section */

/* Begin PBXContainerItemProxy section */
		708BA7A01FAF9705007AB0EB /* PBXContainerItemProxy */ = {
			isa = PBXContainerItemProxy;
			containerPortal = 708BA7831FAF9705007AB0EB /* Project object */;
			proxyType = 1;
			remoteGlobalIDString = 708BA78A1FAF9705007AB0EB;
			remoteInfo = "pixel-city";
		};
		708BA7AB1FAF9705007AB0EB /* PBXContainerItemProxy */ = {
			isa = PBXContainerItemProxy;
			containerPortal = 708BA7831FAF9705007AB0EB /* Project object */;
			proxyType = 1;
			remoteGlobalIDString = 708BA78A1FAF9705007AB0EB;
			remoteInfo = "pixel-city";
		};
/* End PBXContainerItemProxy section */

/* Begin PBXFileReference section */
		06ACDA61232AD4622BAFF8F4 /* Pods_pixel_city.framework */ = {isa = PBXFileReference; explicitFileType = wrapper.framework; includeInIndex = 0; path = Pods_pixel_city.framework; sourceTree = BUILT_PRODUCTS_DIR; };
		32824785134108E42FD0E68E /* Pods-pixel-cityUITests.release.xcconfig */ = {isa = PBXFileReference; includeInIndex = 1; lastKnownFileType = text.xcconfig; name = "Pods-pixel-cityUITests.release.xcconfig"; path = "Pods/Target Support Files/Pods-pixel-cityUITests/Pods-pixel-cityUITests.release.xcconfig"; sourceTree = "<group>"; };
		3BB5CCA1C57E6241F549EF39 /* Pods_pixel_cityUITests.framework */ = {isa = PBXFileReference; explicitFileType = wrapper.framework; includeInIndex = 0; path = Pods_pixel_cityUITests.framework; sourceTree = BUILT_PRODUCTS_DIR; };
		609A25ED5564FAF8779C04F3 /* Pods-pixel-city.release.xcconfig */ = {isa = PBXFileReference; includeInIndex = 1; lastKnownFileType = text.xcconfig; name = "Pods-pixel-city.release.xcconfig"; path = "Pods/Target Support Files/Pods-pixel-city/Pods-pixel-city.release.xcconfig"; sourceTree = "<group>"; };
		708BA78B1FAF9705007AB0EB /* pixel-city.app */ = {isa = PBXFileReference; explicitFileType = wrapper.application; includeInIndex = 0; path = "pixel-city.app"; sourceTree = BUILT_PRODUCTS_DIR; };
		708BA78E1FAF9705007AB0EB /* AppDelegate.swift */ = {isa = PBXFileReference; lastKnownFileType = sourcecode.swift; path = AppDelegate.swift; sourceTree = "<group>"; };
		708BA7901FAF9705007AB0EB /* MapVC.swift */ = {isa = PBXFileReference; lastKnownFileType = sourcecode.swift; path = MapVC.swift; sourceTree = "<group>"; };
		708BA7931FAF9705007AB0EB /* Base */ = {isa = PBXFileReference; lastKnownFileType = file.storyboard; name = Base; path = Base.lproj/Main.storyboard; sourceTree = "<group>"; };
		708BA7951FAF9705007AB0EB /* Assets.xcassets */ = {isa = PBXFileReference; lastKnownFileType = folder.assetcatalog; path = Assets.xcassets; sourceTree = "<group>"; };
		708BA7981FAF9705007AB0EB /* Base */ = {isa = PBXFileReference; lastKnownFileType = file.storyboard; name = Base; path = Base.lproj/LaunchScreen.storyboard; sourceTree = "<group>"; };
		708BA79A1FAF9705007AB0EB /* Info.plist */ = {isa = PBXFileReference; lastKnownFileType = text.plist.xml; path = Info.plist; sourceTree = "<group>"; };
		708BA79F1FAF9705007AB0EB /* pixel-cityTests.xctest */ = {isa = PBXFileReference; explicitFileType = wrapper.cfbundle; includeInIndex = 0; path = "pixel-cityTests.xctest"; sourceTree = BUILT_PRODUCTS_DIR; };
		708BA7A31FAF9705007AB0EB /* pixel_cityTests.swift */ = {isa = PBXFileReference; lastKnownFileType = sourcecode.swift; path = pixel_cityTests.swift; sourceTree = "<group>"; };
		708BA7A51FAF9705007AB0EB /* Info.plist */ = {isa = PBXFileReference; lastKnownFileType = text.plist.xml; path = Info.plist; sourceTree = "<group>"; };
		708BA7AA1FAF9705007AB0EB /* pixel-cityUITests.xctest */ = {isa = PBXFileReference; explicitFileType = wrapper.cfbundle; includeInIndex = 0; path = "pixel-cityUITests.xctest"; sourceTree = BUILT_PRODUCTS_DIR; };
		708BA7AE1FAF9705007AB0EB /* pixel_cityUITests.swift */ = {isa = PBXFileReference; lastKnownFileType = sourcecode.swift; path = pixel_cityUITests.swift; sourceTree = "<group>"; };
		708BA7B01FAF9705007AB0EB /* Info.plist */ = {isa = PBXFileReference; lastKnownFileType = text.plist.xml; path = Info.plist; sourceTree = "<group>"; };
		95014A5CE60286A0EC0D30E1 /* Pods-pixel-city.debug.xcconfig */ = {isa = PBXFileReference; includeInIndex = 1; lastKnownFileType = text.xcconfig; name = "Pods-pixel-city.debug.xcconfig"; path = "Pods/Target Support Files/Pods-pixel-city/Pods-pixel-city.debug.xcconfig"; sourceTree = "<group>"; };
		C26BF412450439BE344F9F43 /* Pods-pixel-cityTests.debug.xcconfig */ = {isa = PBXFileReference; includeInIndex = 1; lastKnownFileType = text.xcconfig; name = "Pods-pixel-cityTests.debug.xcconfig"; path = "Pods/Target Support Files/Pods-pixel-cityTests/Pods-pixel-cityTests.debug.xcconfig"; sourceTree = "<group>"; };
		D3F8151E5A87F00DC2A7EA08 /* Pods-pixel-cityUITests.debug.xcconfig */ = {isa = PBXFileReference; includeInIndex = 1; lastKnownFileType = text.xcconfig; name = "Pods-pixel-cityUITests.debug.xcconfig"; path = "Pods/Target Support Files/Pods-pixel-cityUITests/Pods-pixel-cityUITests.debug.xcconfig"; sourceTree = "<group>"; };
		DB411448BEC626B99BBED5E4 /* Pods_pixel_cityTests.framework */ = {isa = PBXFileReference; explicitFileType = wrapper.framework; includeInIndex = 0; path = Pods_pixel_cityTests.framework; sourceTree = BUILT_PRODUCTS_DIR; };
		EB6E835A9DE0750B78A4FC2A /* Pods-pixel-cityTests.release.xcconfig */ = {isa = PBXFileReference; includeInIndex = 1; lastKnownFileType = text.xcconfig; name = "Pods-pixel-cityTests.release.xcconfig"; path = "Pods/Target Support Files/Pods-pixel-cityTests/Pods-pixel-cityTests.release.xcconfig"; sourceTree = "<group>"; };
/* End PBXFileReference section */

/* Begin PBXFrameworksBuildPhase section */
		708BA7881FAF9705007AB0EB /* Frameworks */ = {
			isa = PBXFrameworksBuildPhase;
			buildActionMask = 2147483647;
			files = (
				B9BC7DD0C9FA7BCABABB4F60 /* Pods_pixel_city.framework in Frameworks */,
			);
			runOnlyForDeploymentPostprocessing = 0;
		};
		708BA79C1FAF9705007AB0EB /* Frameworks */ = {
			isa = PBXFrameworksBuildPhase;
			buildActionMask = 2147483647;
			files = (
				47CC5ED1F91D844E4F7F4A90 /* Pods_pixel_cityTests.framework in Frameworks */,
			);
			runOnlyForDeploymentPostprocessing = 0;
		};
		708BA7A71FAF9705007AB0EB /* Frameworks */ = {
			isa = PBXFrameworksBuildPhase;
			buildActionMask = 2147483647;
			files = (
				5B2F71D833B2769D79C0360A /* Pods_pixel_cityUITests.framework in Frameworks */,
			);
			runOnlyForDeploymentPostprocessing = 0;
		};
/* End PBXFrameworksBuildPhase section */

/* Begin PBXGroup section */
		1A756F5C4516AFBDE349B03E /* Pods */ = {
			isa = PBXGroup;
			children = (
				95014A5CE60286A0EC0D30E1 /* Pods-pixel-city.debug.xcconfig */,
				609A25ED5564FAF8779C04F3 /* Pods-pixel-city.release.xcconfig */,
				C26BF412450439BE344F9F43 /* Pods-pixel-cityTests.debug.xcconfig */,
				EB6E835A9DE0750B78A4FC2A /* Pods-pixel-cityTests.release.xcconfig */,
				D3F8151E5A87F00DC2A7EA08 /* Pods-pixel-cityUITests.debug.xcconfig */,
				32824785134108E42FD0E68E /* Pods-pixel-cityUITests.release.xcconfig */,
			);
			name = Pods;
			sourceTree = "<group>";
		};
		708BA7821FAF9705007AB0EB = {
			isa = PBXGroup;
			children = (
				708BA78D1FAF9705007AB0EB /* pixel-city */,
				708BA7A21FAF9705007AB0EB /* pixel-cityTests */,
				708BA7AD1FAF9705007AB0EB /* pixel-cityUITests */,
				708BA78C1FAF9705007AB0EB /* Products */,
				1A756F5C4516AFBDE349B03E /* Pods */,
				7D8C5C5D0B05114473479C95 /* Frameworks */,
			);
			sourceTree = "<group>";
		};
		708BA78C1FAF9705007AB0EB /* Products */ = {
			isa = PBXGroup;
			children = (
				708BA78B1FAF9705007AB0EB /* pixel-city.app */,
				708BA79F1FAF9705007AB0EB /* pixel-cityTests.xctest */,
				708BA7AA1FAF9705007AB0EB /* pixel-cityUITests.xctest */,
			);
			name = Products;
			sourceTree = "<group>";
		};
		708BA78D1FAF9705007AB0EB /* pixel-city */ = {
			isa = PBXGroup;
			children = (
				708BA7BF1FAF9762007AB0EB /* Utilities */,
				708BA7BE1FAF975A007AB0EB /* Extensions */,
				708BA7BD1FAF9752007AB0EB /* View */,
				708BA7BC1FAF973B007AB0EB /* Controllers */,
				708BA78E1FAF9705007AB0EB /* AppDelegate.swift */,
				708BA7921FAF9705007AB0EB /* Main.storyboard */,
				708BA7951FAF9705007AB0EB /* Assets.xcassets */,
				708BA7971FAF9705007AB0EB /* LaunchScreen.storyboard */,
				708BA79A1FAF9705007AB0EB /* Info.plist */,
			);
			path = "pixel-city";
			sourceTree = "<group>";
		};
		708BA7A21FAF9705007AB0EB /* pixel-cityTests */ = {
			isa = PBXGroup;
			children = (
				708BA7A31FAF9705007AB0EB /* pixel_cityTests.swift */,
				708BA7A51FAF9705007AB0EB /* Info.plist */,
			);
			path = "pixel-cityTests";
			sourceTree = "<group>";
		};
		708BA7AD1FAF9705007AB0EB /* pixel-cityUITests */ = {
			isa = PBXGroup;
			children = (
				708BA7AE1FAF9705007AB0EB /* pixel_cityUITests.swift */,
				708BA7B01FAF9705007AB0EB /* Info.plist */,
			);
			path = "pixel-cityUITests";
			sourceTree = "<group>";
		};
		708BA7BC1FAF973B007AB0EB /* Controllers */ = {
			isa = PBXGroup;
			children = (
				708BA7901FAF9705007AB0EB /* MapVC.swift */,
			);
			path = Controllers;
			sourceTree = "<group>";
		};
		708BA7BD1FAF9752007AB0EB /* View */ = {
			isa = PBXGroup;
			children = (
			);
			path = View;
			sourceTree = "<group>";
		};
		708BA7BE1FAF975A007AB0EB /* Extensions */ = {
			isa = PBXGroup;
			children = (
			);
			path = Extensions;
			sourceTree = "<group>";
		};
		708BA7BF1FAF9762007AB0EB /* Utilities */ = {
			isa = PBXGroup;
			children = (
			);
			path = Utilities;
			sourceTree = "<group>";
		};
		7D8C5C5D0B05114473479C95 /* Frameworks */ = {
			isa = PBXGroup;
			children = (
				06ACDA61232AD4622BAFF8F4 /* Pods_pixel_city.framework */,
				DB411448BEC626B99BBED5E4 /* Pods_pixel_cityTests.framework */,
				3BB5CCA1C57E6241F549EF39 /* Pods_pixel_cityUITests.framework */,
			);
			name = Frameworks;
			sourceTree = "<group>";
		};
/* End PBXGroup section */

/* Begin PBXNativeTarget section */
		708BA78A1FAF9705007AB0EB /* pixel-city */ = {
			isa = PBXNativeTarget;
			buildConfigurationList = 708BA7B31FAF9705007AB0EB /* Build configuration list for PBXNativeTarget "pixel-city" */;
			buildPhases = (
				F28C47B991BEFEF5D697A3DF /* [CP] Check Pods Manifest.lock */,
				708BA7871FAF9705007AB0EB /* Sources */,
				708BA7881FAF9705007AB0EB /* Frameworks */,
				708BA7891FAF9705007AB0EB /* Resources */,
				0601D93E97E60E484615F730 /* [CP] Embed Pods Frameworks */,
				61C09282C9C342BE9C2C85CD /* [CP] Copy Pods Resources */,
			);
			buildRules = (
			);
			dependencies = (
			);
			name = "pixel-city";
			productName = "pixel-city";
			productReference = 708BA78B1FAF9705007AB0EB /* pixel-city.app */;
			productType = "com.apple.product-type.application";
		};
		708BA79E1FAF9705007AB0EB /* pixel-cityTests */ = {
			isa = PBXNativeTarget;
			buildConfigurationList = 708BA7B61FAF9705007AB0EB /* Build configuration list for PBXNativeTarget "pixel-cityTests" */;
			buildPhases = (
				36AA8D592261FD0CEB46201E /* [CP] Check Pods Manifest.lock */,
				708BA79B1FAF9705007AB0EB /* Sources */,
				708BA79C1FAF9705007AB0EB /* Frameworks */,
				708BA79D1FAF9705007AB0EB /* Resources */,
				98079FD1D76ECF85ADDA0D5A /* [CP] Embed Pods Frameworks */,
				BDCD64F610775D3FF68D8693 /* [CP] Copy Pods Resources */,
			);
			buildRules = (
			);
			dependencies = (
				708BA7A11FAF9705007AB0EB /* PBXTargetDependency */,
			);
			name = "pixel-cityTests";
			productName = "pixel-cityTests";
			productReference = 708BA79F1FAF9705007AB0EB /* pixel-cityTests.xctest */;
			productType = "com.apple.product-type.bundle.unit-test";
		};
		708BA7A91FAF9705007AB0EB /* pixel-cityUITests */ = {
			isa = PBXNativeTarget;
			buildConfigurationList = 708BA7B91FAF9705007AB0EB /* Build configuration list for PBXNativeTarget "pixel-cityUITests" */;
			buildPhases = (
				17DF71AB6FDAAADCFE4443F9 /* [CP] Check Pods Manifest.lock */,
				708BA7A61FAF9705007AB0EB /* Sources */,
				708BA7A71FAF9705007AB0EB /* Frameworks */,
				708BA7A81FAF9705007AB0EB /* Resources */,
				17219D07F900D99073BE30C4 /* [CP] Embed Pods Frameworks */,
				2850D4B9E403C610BB4AA91A /* [CP] Copy Pods Resources */,
			);
			buildRules = (
			);
			dependencies = (
				708BA7AC1FAF9705007AB0EB /* PBXTargetDependency */,
			);
			name = "pixel-cityUITests";
			productName = "pixel-cityUITests";
			productReference = 708BA7AA1FAF9705007AB0EB /* pixel-cityUITests.xctest */;
			productType = "com.apple.product-type.bundle.ui-testing";
		};
/* End PBXNativeTarget section */

/* Begin PBXProject section */
		708BA7831FAF9705007AB0EB /* Project object */ = {
			isa = PBXProject;
			attributes = {
				LastSwiftUpdateCheck = 0910;
				LastUpgradeCheck = 0910;
				ORGANIZATIONNAME = "Justin  Doty";
				TargetAttributes = {
					708BA78A1FAF9705007AB0EB = {
						CreatedOnToolsVersion = 9.1;
						ProvisioningStyle = Automatic;
					};
					708BA79E1FAF9705007AB0EB = {
						CreatedOnToolsVersion = 9.1;
						ProvisioningStyle = Automatic;
						TestTargetID = 708BA78A1FAF9705007AB0EB;
					};
					708BA7A91FAF9705007AB0EB = {
						CreatedOnToolsVersion = 9.1;
						ProvisioningStyle = Automatic;
						TestTargetID = 708BA78A1FAF9705007AB0EB;
					};
				};
			};
			buildConfigurationList = 708BA7861FAF9705007AB0EB /* Build configuration list for PBXProject "pixel-city" */;
			compatibilityVersion = "Xcode 8.0";
			developmentRegion = en;
			hasScannedForEncodings = 0;
			knownRegions = (
				en,
				Base,
			);
			mainGroup = 708BA7821FAF9705007AB0EB;
			productRefGroup = 708BA78C1FAF9705007AB0EB /* Products */;
			projectDirPath = "";
			projectRoot = "";
			targets = (
				708BA78A1FAF9705007AB0EB /* pixel-city */,
				708BA79E1FAF9705007AB0EB /* pixel-cityTests */,
				708BA7A91FAF9705007AB0EB /* pixel-cityUITests */,
			);
		};
/* End PBXProject section */

/* Begin PBXResourcesBuildPhase section */
		708BA7891FAF9705007AB0EB /* Resources */ = {
			isa = PBXResourcesBuildPhase;
			buildActionMask = 2147483647;
			files = (
				708BA7991FAF9705007AB0EB /* LaunchScreen.storyboard in Resources */,
				708BA7961FAF9705007AB0EB /* Assets.xcassets in Resources */,
				708BA7941FAF9705007AB0EB /* Main.storyboard in Resources */,
			);
			runOnlyForDeploymentPostprocessing = 0;
		};
		708BA79D1FAF9705007AB0EB /* Resources */ = {
			isa = PBXResourcesBuildPhase;
			buildActionMask = 2147483647;
			files = (
			);
			runOnlyForDeploymentPostprocessing = 0;
		};
		708BA7A81FAF9705007AB0EB /* Resources */ = {
			isa = PBXResourcesBuildPhase;
			buildActionMask = 2147483647;
			files = (
			);
			runOnlyForDeploymentPostprocessing = 0;
		};
/* End PBXResourcesBuildPhase section */

/* Begin PBXShellScriptBuildPhase section */
		0601D93E97E60E484615F730 /* [CP] Embed Pods Frameworks */ = {
			isa = PBXShellScriptBuildPhase;
			buildActionMask = 2147483647;
			files = (
			);
			inputPaths = (
			);
			name = "[CP] Embed Pods Frameworks";
			outputPaths = (
			);
			runOnlyForDeploymentPostprocessing = 0;
			shellPath = /bin/sh;
			shellScript = "\"${SRCROOT}/Pods/Target Support Files/Pods-pixel-city/Pods-pixel-city-frameworks.sh\"\n";
			showEnvVarsInLog = 0;
		};
		17219D07F900D99073BE30C4 /* [CP] Embed Pods Frameworks */ = {
			isa = PBXShellScriptBuildPhase;
			buildActionMask = 2147483647;
			files = (
			);
			inputPaths = (
			);
			name = "[CP] Embed Pods Frameworks";
			outputPaths = (
			);
			runOnlyForDeploymentPostprocessing = 0;
			shellPath = /bin/sh;
			shellScript = "\"${SRCROOT}/Pods/Target Support Files/Pods-pixel-cityUITests/Pods-pixel-cityUITests-frameworks.sh\"\n";
			showEnvVarsInLog = 0;
		};
		17DF71AB6FDAAADCFE4443F9 /* [CP] Check Pods Manifest.lock */ = {
			isa = PBXShellScriptBuildPhase;
			buildActionMask = 2147483647;
			files = (
			);
			inputPaths = (
			);
			name = "[CP] Check Pods Manifest.lock";
			outputPaths = (
			);
			runOnlyForDeploymentPostprocessing = 0;
			shellPath = /bin/sh;
			shellScript = "diff \"${PODS_ROOT}/../Podfile.lock\" \"${PODS_ROOT}/Manifest.lock\" > /dev/null\nif [ $? != 0 ] ; then\n    # print error to STDERR\n    echo \"error: The sandbox is not in sync with the Podfile.lock. Run 'pod install' or update your CocoaPods installation.\" >&2\n    exit 1\nfi\n";
			showEnvVarsInLog = 0;
		};
		2850D4B9E403C610BB4AA91A /* [CP] Copy Pods Resources */ = {
			isa = PBXShellScriptBuildPhase;
			buildActionMask = 2147483647;
			files = (
			);
			inputPaths = (
			);
			name = "[CP] Copy Pods Resources";
			outputPaths = (
			);
			runOnlyForDeploymentPostprocessing = 0;
			shellPath = /bin/sh;
			shellScript = "\"${SRCROOT}/Pods/Target Support Files/Pods-pixel-cityUITests/Pods-pixel-cityUITests-resources.sh\"\n";
			showEnvVarsInLog = 0;
		};
		36AA8D592261FD0CEB46201E /* [CP] Check Pods Manifest.lock */ = {
			isa = PBXShellScriptBuildPhase;
			buildActionMask = 2147483647;
			files = (
			);
			inputPaths = (
			);
			name = "[CP] Check Pods Manifest.lock";
			outputPaths = (
			);
			runOnlyForDeploymentPostprocessing = 0;
			shellPath = /bin/sh;
			shellScript = "diff \"${PODS_ROOT}/../Podfile.lock\" \"${PODS_ROOT}/Manifest.lock\" > /dev/null\nif [ $? != 0 ] ; then\n    # print error to STDERR\n    echo \"error: The sandbox is not in sync with the Podfile.lock. Run 'pod install' or update your CocoaPods installation.\" >&2\n    exit 1\nfi\n";
			showEnvVarsInLog = 0;
		};
		61C09282C9C342BE9C2C85CD /* [CP] Copy Pods Resources */ = {
			isa = PBXShellScriptBuildPhase;
			buildActionMask = 2147483647;
			files = (
			);
			inputPaths = (
			);
			name = "[CP] Copy Pods Resources";
			outputPaths = (
			);
			runOnlyForDeploymentPostprocessing = 0;
			shellPath = /bin/sh;
			shellScript = "\"${SRCROOT}/Pods/Target Support Files/Pods-pixel-city/Pods-pixel-city-resources.sh\"\n";
			showEnvVarsInLog = 0;
		};
		98079FD1D76ECF85ADDA0D5A /* [CP] Embed Pods Frameworks */ = {
			isa = PBXShellScriptBuildPhase;
			buildActionMask = 2147483647;
			files = (
			);
			inputPaths = (
			);
			name = "[CP] Embed Pods Frameworks";
			outputPaths = (
			);
			runOnlyForDeploymentPostprocessing = 0;
			shellPath = /bin/sh;
			shellScript = "\"${SRCROOT}/Pods/Target Support Files/Pods-pixel-cityTests/Pods-pixel-cityTests-frameworks.sh\"\n";
			showEnvVarsInLog = 0;
		};
		BDCD64F610775D3FF68D8693 /* [CP] Copy Pods Resources */ = {
			isa = PBXShellScriptBuildPhase;
			buildActionMask = 2147483647;
			files = (
			);
			inputPaths = (
			);
			name = "[CP] Copy Pods Resources";
			outputPaths = (
			);
			runOnlyForDeploymentPostprocessing = 0;
			shellPath = /bin/sh;
			shellScript = "\"${SRCROOT}/Pods/Target Support Files/Pods-pixel-cityTests/Pods-pixel-cityTests-resources.sh\"\n";
			showEnvVarsInLog = 0;
		};
		F28C47B991BEFEF5D697A3DF /* [CP] Check Pods Manifest.lock */ = {
			isa = PBXShellScriptBuildPhase;
			buildActionMask = 2147483647;
			files = (
			);
			inputPaths = (
			);
			name = "[CP] Check Pods Manifest.lock";
			outputPaths = (
			);
			runOnlyForDeploymentPostprocessing = 0;
			shellPath = /bin/sh;
			shellScript = "diff \"${PODS_ROOT}/../Podfile.lock\" \"${PODS_ROOT}/Manifest.lock\" > /dev/null\nif [ $? != 0 ] ; then\n    # print error to STDERR\n    echo \"error: The sandbox is not in sync with the Podfile.lock. Run 'pod install' or update your CocoaPods installation.\" >&2\n    exit 1\nfi\n";
			showEnvVarsInLog = 0;
		};
/* End PBXShellScriptBuildPhase section */

/* Begin PBXSourcesBuildPhase section */
		708BA7871FAF9705007AB0EB /* Sources */ = {
			isa = PBXSourcesBuildPhase;
			buildActionMask = 2147483647;
			files = (
				708BA7911FAF9705007AB0EB /* MapVC.swift in Sources */,
				708BA78F1FAF9705007AB0EB /* AppDelegate.swift in Sources */,
			);
			runOnlyForDeploymentPostprocessing = 0;
		};
		708BA79B1FAF9705007AB0EB /* Sources */ = {
			isa = PBXSourcesBuildPhase;
			buildActionMask = 2147483647;
			files = (
				708BA7A41FAF9705007AB0EB /* pixel_cityTests.swift in Sources */,
			);
			runOnlyForDeploymentPostprocessing = 0;
		};
		708BA7A61FAF9705007AB0EB /* Sources */ = {
			isa = PBXSourcesBuildPhase;
			buildActionMask = 2147483647;
			files = (
				708BA7AF1FAF9705007AB0EB /* pixel_cityUITests.swift in Sources */,
			);
			runOnlyForDeploymentPostprocessing = 0;
		};
/* End PBXSourcesBuildPhase section */

/* Begin PBXTargetDependency section */
		708BA7A11FAF9705007AB0EB /* PBXTargetDependency */ = {
			isa = PBXTargetDependency;
			target = 708BA78A1FAF9705007AB0EB /* pixel-city */;
			targetProxy = 708BA7A01FAF9705007AB0EB /* PBXContainerItemProxy */;
		};
		708BA7AC1FAF9705007AB0EB /* PBXTargetDependency */ = {
			isa = PBXTargetDependency;
			target = 708BA78A1FAF9705007AB0EB /* pixel-city */;
			targetProxy = 708BA7AB1FAF9705007AB0EB /* PBXContainerItemProxy */;
		};
/* End PBXTargetDependency section */

/* Begin PBXVariantGroup section */
		708BA7921FAF9705007AB0EB /* Main.storyboard */ = {
			isa = PBXVariantGroup;
			children = (
				708BA7931FAF9705007AB0EB /* Base */,
			);
			name = Main.storyboard;
			sourceTree = "<group>";
		};
		708BA7971FAF9705007AB0EB /* LaunchScreen.storyboard */ = {
			isa = PBXVariantGroup;
			children = (
				708BA7981FAF9705007AB0EB /* Base */,
			);
			name = LaunchScreen.storyboard;
			sourceTree = "<group>";
		};
/* End PBXVariantGroup section */

/* Begin XCBuildConfiguration section */
		708BA7B11FAF9705007AB0EB /* Debug */ = {
			isa = XCBuildConfiguration;
			buildSettings = {
				ALWAYS_SEARCH_USER_PATHS = NO;
				CLANG_ANALYZER_NONNULL = YES;
				CLANG_ANALYZER_NUMBER_OBJECT_CONVERSION = YES_AGGRESSIVE;
				CLANG_CXX_LANGUAGE_STANDARD = "gnu++14";
				CLANG_CXX_LIBRARY = "libc++";
				CLANG_ENABLE_MODULES = YES;
				CLANG_ENABLE_OBJC_ARC = YES;
				CLANG_WARN_BLOCK_CAPTURE_AUTORELEASING = YES;
				CLANG_WARN_BOOL_CONVERSION = YES;
				CLANG_WARN_COMMA = YES;
				CLANG_WARN_CONSTANT_CONVERSION = YES;
				CLANG_WARN_DIRECT_OBJC_ISA_USAGE = YES_ERROR;
				CLANG_WARN_DOCUMENTATION_COMMENTS = YES;
				CLANG_WARN_EMPTY_BODY = YES;
				CLANG_WARN_ENUM_CONVERSION = YES;
				CLANG_WARN_INFINITE_RECURSION = YES;
				CLANG_WARN_INT_CONVERSION = YES;
				CLANG_WARN_NON_LITERAL_NULL_CONVERSION = YES;
				CLANG_WARN_OBJC_LITERAL_CONVERSION = YES;
				CLANG_WARN_OBJC_ROOT_CLASS = YES_ERROR;
				CLANG_WARN_RANGE_LOOP_ANALYSIS = YES;
				CLANG_WARN_STRICT_PROTOTYPES = YES;
				CLANG_WARN_SUSPICIOUS_MOVE = YES;
				CLANG_WARN_UNGUARDED_AVAILABILITY = YES_AGGRESSIVE;
				CLANG_WARN_UNREACHABLE_CODE = YES;
				CLANG_WARN__DUPLICATE_METHOD_MATCH = YES;
				CODE_SIGN_IDENTITY = "iPhone Developer";
				COPY_PHASE_STRIP = NO;
				DEBUG_INFORMATION_FORMAT = dwarf;
				ENABLE_STRICT_OBJC_MSGSEND = YES;
				ENABLE_TESTABILITY = YES;
				GCC_C_LANGUAGE_STANDARD = gnu11;
				GCC_DYNAMIC_NO_PIC = NO;
				GCC_NO_COMMON_BLOCKS = YES;
				GCC_OPTIMIZATION_LEVEL = 0;
				GCC_PREPROCESSOR_DEFINITIONS = (
					"DEBUG=1",
					"$(inherited)",
				);
				GCC_WARN_64_TO_32_BIT_CONVERSION = YES;
				GCC_WARN_ABOUT_RETURN_TYPE = YES_ERROR;
				GCC_WARN_UNDECLARED_SELECTOR = YES;
				GCC_WARN_UNINITIALIZED_AUTOS = YES_AGGRESSIVE;
				GCC_WARN_UNUSED_FUNCTION = YES;
				GCC_WARN_UNUSED_VARIABLE = YES;
				IPHONEOS_DEPLOYMENT_TARGET = 11.1;
				MTL_ENABLE_DEBUG_INFO = YES;
				ONLY_ACTIVE_ARCH = YES;
				SDKROOT = iphoneos;
				SWIFT_ACTIVE_COMPILATION_CONDITIONS = DEBUG;
				SWIFT_OPTIMIZATION_LEVEL = "-Onone";
			};
			name = Debug;
		};
		708BA7B21FAF9705007AB0EB /* Release */ = {
			isa = XCBuildConfiguration;
			buildSettings = {
				ALWAYS_SEARCH_USER_PATHS = NO;
				CLANG_ANALYZER_NONNULL = YES;
				CLANG_ANALYZER_NUMBER_OBJECT_CONVERSION = YES_AGGRESSIVE;
				CLANG_CXX_LANGUAGE_STANDARD = "gnu++14";
				CLANG_CXX_LIBRARY = "libc++";
				CLANG_ENABLE_MODULES = YES;
				CLANG_ENABLE_OBJC_ARC = YES;
				CLANG_WARN_BLOCK_CAPTURE_AUTORELEASING = YES;
				CLANG_WARN_BOOL_CONVERSION = YES;
				CLANG_WARN_COMMA = YES;
				CLANG_WARN_CONSTANT_CONVERSION = YES;
				CLANG_WARN_DIRECT_OBJC_ISA_USAGE = YES_ERROR;
				CLANG_WARN_DOCUMENTATION_COMMENTS = YES;
				CLANG_WARN_EMPTY_BODY = YES;
				CLANG_WARN_ENUM_CONVERSION = YES;
				CLANG_WARN_INFINITE_RECURSION = YES;
				CLANG_WARN_INT_CONVERSION = YES;
				CLANG_WARN_NON_LITERAL_NULL_CONVERSION = YES;
				CLANG_WARN_OBJC_LITERAL_CONVERSION = YES;
				CLANG_WARN_OBJC_ROOT_CLASS = YES_ERROR;
				CLANG_WARN_RANGE_LOOP_ANALYSIS = YES;
				CLANG_WARN_STRICT_PROTOTYPES = YES;
				CLANG_WARN_SUSPICIOUS_MOVE = YES;
				CLANG_WARN_UNGUARDED_AVAILABILITY = YES_AGGRESSIVE;
				CLANG_WARN_UNREACHABLE_CODE = YES;
				CLANG_WARN__DUPLICATE_METHOD_MATCH = YES;
				CODE_SIGN_IDENTITY = "iPhone Developer";
				COPY_PHASE_STRIP = NO;
				DEBUG_INFORMATION_FORMAT = "dwarf-with-dsym";
				ENABLE_NS_ASSERTIONS = NO;
				ENABLE_STRICT_OBJC_MSGSEND = YES;
				GCC_C_LANGUAGE_STANDARD = gnu11;
				GCC_NO_COMMON_BLOCKS = YES;
				GCC_WARN_64_TO_32_BIT_CONVERSION = YES;
				GCC_WARN_ABOUT_RETURN_TYPE = YES_ERROR;
				GCC_WARN_UNDECLARED_SELECTOR = YES;
				GCC_WARN_UNINITIALIZED_AUTOS = YES_AGGRESSIVE;
				GCC_WARN_UNUSED_FUNCTION = YES;
				GCC_WARN_UNUSED_VARIABLE = YES;
				IPHONEOS_DEPLOYMENT_TARGET = 11.1;
				MTL_ENABLE_DEBUG_INFO = NO;
				SDKROOT = iphoneos;
				SWIFT_OPTIMIZATION_LEVEL = "-Owholemodule";
				VALIDATE_PRODUCT = YES;
			};
			name = Release;
		};
		708BA7B41FAF9705007AB0EB /* Debug */ = {
			isa = XCBuildConfiguration;
			baseConfigurationReference = 95014A5CE60286A0EC0D30E1 /* Pods-pixel-city.debug.xcconfig */;
			buildSettings = {
				ASSETCATALOG_COMPILER_APPICON_NAME = AppIcon;
				CODE_SIGN_STYLE = Automatic;
				INFOPLIST_FILE = "pixel-city/Info.plist";
				LD_RUNPATH_SEARCH_PATHS = "$(inherited) @executable_path/Frameworks";
				PRODUCT_BUNDLE_IDENTIFIER = "justin.pixel-city";
				PRODUCT_NAME = "$(TARGET_NAME)";
				SWIFT_VERSION = 4.0;
				TARGETED_DEVICE_FAMILY = "1,2";
			};
			name = Debug;
		};
		708BA7B51FAF9705007AB0EB /* Release */ = {
			isa = XCBuildConfiguration;
			baseConfigurationReference = 609A25ED5564FAF8779C04F3 /* Pods-pixel-city.release.xcconfig */;
			buildSettings = {
				ASSETCATALOG_COMPILER_APPICON_NAME = AppIcon;
				CODE_SIGN_STYLE = Automatic;
				INFOPLIST_FILE = "pixel-city/Info.plist";
				LD_RUNPATH_SEARCH_PATHS = "$(inherited) @executable_path/Frameworks";
				PRODUCT_BUNDLE_IDENTIFIER = "justin.pixel-city";
				PRODUCT_NAME = "$(TARGET_NAME)";
				SWIFT_VERSION = 4.0;
				TARGETED_DEVICE_FAMILY = "1,2";
			};
			name = Release;
		};
		708BA7B71FAF9705007AB0EB /* Debug */ = {
			isa = XCBuildConfiguration;
			baseConfigurationReference = C26BF412450439BE344F9F43 /* Pods-pixel-cityTests.debug.xcconfig */;
			buildSettings = {
				ALWAYS_EMBED_SWIFT_STANDARD_LIBRARIES = YES;
				BUNDLE_LOADER = "$(TEST_HOST)";
				CODE_SIGN_STYLE = Automatic;
				INFOPLIST_FILE = "pixel-cityTests/Info.plist";
				LD_RUNPATH_SEARCH_PATHS = "$(inherited) @executable_path/Frameworks @loader_path/Frameworks";
				PRODUCT_BUNDLE_IDENTIFIER = "justin.pixel-cityTests";
				PRODUCT_NAME = "$(TARGET_NAME)";
				SWIFT_VERSION = 4.0;
				TARGETED_DEVICE_FAMILY = "1,2";
				TEST_HOST = "$(BUILT_PRODUCTS_DIR)/pixel-city.app/pixel-city";
			};
			name = Debug;
		};
		708BA7B81FAF9705007AB0EB /* Release */ = {
			isa = XCBuildConfiguration;
			baseConfigurationReference = EB6E835A9DE0750B78A4FC2A /* Pods-pixel-cityTests.release.xcconfig */;
			buildSettings = {
				ALWAYS_EMBED_SWIFT_STANDARD_LIBRARIES = YES;
				BUNDLE_LOADER = "$(TEST_HOST)";
				CODE_SIGN_STYLE = Automatic;
				INFOPLIST_FILE = "pixel-cityTests/Info.plist";
				LD_RUNPATH_SEARCH_PATHS = "$(inherited) @executable_path/Frameworks @loader_path/Frameworks";
				PRODUCT_BUNDLE_IDENTIFIER = "justin.pixel-cityTests";
				PRODUCT_NAME = "$(TARGET_NAME)";
				SWIFT_VERSION = 4.0;
				TARGETED_DEVICE_FAMILY = "1,2";
				TEST_HOST = "$(BUILT_PRODUCTS_DIR)/pixel-city.app/pixel-city";
			};
			name = Release;
		};
		708BA7BA1FAF9705007AB0EB /* Debug */ = {
			isa = XCBuildConfiguration;
			baseConfigurationReference = D3F8151E5A87F00DC2A7EA08 /* Pods-pixel-cityUITests.debug.xcconfig */;
			buildSettings = {
				ALWAYS_EMBED_SWIFT_STANDARD_LIBRARIES = YES;
				CODE_SIGN_STYLE = Automatic;
				INFOPLIST_FILE = "pixel-cityUITests/Info.plist";
				LD_RUNPATH_SEARCH_PATHS = "$(inherited) @executable_path/Frameworks @loader_path/Frameworks";
				PRODUCT_BUNDLE_IDENTIFIER = "justin.pixel-cityUITests";
				PRODUCT_NAME = "$(TARGET_NAME)";
				SWIFT_VERSION = 4.0;
				TARGETED_DEVICE_FAMILY = "1,2";
				TEST_TARGET_NAME = "pixel-city";
			};
			name = Debug;
		};
		708BA7BB1FAF9705007AB0EB /* Release */ = {
			isa = XCBuildConfiguration;
			baseConfigurationReference = 32824785134108E42FD0E68E /* Pods-pixel-cityUITests.release.xcconfig */;
			buildSettings = {
				ALWAYS_EMBED_SWIFT_STANDARD_LIBRARIES = YES;
				CODE_SIGN_STYLE = Automatic;
				INFOPLIST_FILE = "pixel-cityUITests/Info.plist";
				LD_RUNPATH_SEARCH_PATHS = "$(inherited) @executable_path/Frameworks @loader_path/Frameworks";
				PRODUCT_BUNDLE_IDENTIFIER = "justin.pixel-cityUITests";
				PRODUCT_NAME = "$(TARGET_NAME)";
				SWIFT_VERSION = 4.0;
				TARGETED_DEVICE_FAMILY = "1,2";
				TEST_TARGET_NAME = "pixel-city";
			};
			name = Release;
		};
/* End XCBuildConfiguration section */

/* Begin XCConfigurationList section */
		708BA7861FAF9705007AB0EB /* Build configuration list for PBXProject "pixel-city" */ = {
			isa = XCConfigurationList;
			buildConfigurations = (
				708BA7B11FAF9705007AB0EB /* Debug */,
				708BA7B21FAF9705007AB0EB /* Release */,
			);
			defaultConfigurationIsVisible = 0;
			defaultConfigurationName = Release;
		};
		708BA7B31FAF9705007AB0EB /* Build configuration list for PBXNativeTarget "pixel-city" */ = {
			isa = XCConfigurationList;
			buildConfigurations = (
				708BA7B41FAF9705007AB0EB /* Debug */,
				708BA7B51FAF9705007AB0EB /* Release */,
			);
			defaultConfigurationIsVisible = 0;
			defaultConfigurationName = Release;
		};
		708BA7B61FAF9705007AB0EB /* Build configuration list for PBXNativeTarget "pixel-cityTests" */ = {
			isa = XCConfigurationList;
			buildConfigurations = (
				708BA7B71FAF9705007AB0EB /* Debug */,
				708BA7B81FAF9705007AB0EB /* Release */,
			);
			defaultConfigurationIsVisible = 0;
			defaultConfigurationName = Release;
		};
		708BA7B91FAF9705007AB0EB /* Build configuration list for PBXNativeTarget "pixel-cityUITests" */ = {
			isa = XCConfigurationList;
			buildConfigurations = (
				708BA7BA1FAF9705007AB0EB /* Debug */,
				708BA7BB1FAF9705007AB0EB /* Release */,
			);
			defaultConfigurationIsVisible = 0;
			defaultConfigurationName = Release;
		};
/* End XCConfigurationList section */
	};
	rootObject = 708BA7831FAF9705007AB0EB /* Project object */;
}
